
Microsoft Visual Studio Solution File, Format Version 12.00
# Visual Studio Version 17
VisualStudioVersion = 17.11.35312.102
MinimumVisualStudioVersion = 10.0.40219.1
Project("{9A19103F-16F7-4668-BE54-9A1E7A4F7556}") = "SaltyPerceptron", "SaltyPerceptron\SaltyPerceptron.csproj", "{58ED8006-F8A5-414D-88F3-B77CEEEE6857}"
EndProject
Project("{FAE04EC0-301F-11D3-BF4B-00C04F79EFBC}") = "SaltyPerceptron.Logic", "SaltyPerceptron.Logic\SaltyPerceptron.Logic.csproj", "{05AA56B8-87E6-4822-81C1-B5AD1FD9AB41}"
EndProject
Global
	GlobalSection(SolutionConfigurationPlatforms) = preSolution
		Debug|Any CPU = Debug|Any CPU
		Release|Any CPU = Release|Any CPU
	EndGlobalSection
	GlobalSection(ProjectConfigurationPlatforms) = postSolution
		{58ED8006-F8A5-414D-88F3-B77CEEEE6857}.Debug|Any CPU.ActiveCfg = Debug|Any CPU
		{58ED8006-F8A5-414D-88F3-B77CEEEE6857}.Debug|Any CPU.Build.0 = Debug|Any CPU
		{58ED8006-F8A5-414D-88F3-B77CEEEE6857}.Release|Any CPU.ActiveCfg = Release|Any CPU
		{58ED8006-F8A5-414D-88F3-B77CEEEE6857}.Release|Any CPU.Build.0 = Release|Any CPU
		{05AA56B8-87E6-4822-81C1-B5AD1FD9AB41}.Debug|Any CPU.ActiveCfg = Debug|Any CPU
		{05AA56B8-87E6-4822-81C1-B5AD1FD9AB41}.Debug|Any CPU.Build.0 = Debug|Any CPU
		{05AA56B8-87E6-4822-81C1-B5AD1FD9AB41}.Release|Any CPU.ActiveCfg = Release|Any CPU
		{05AA56B8-87E6-4822-81C1-B5AD1FD9AB41}.Release|Any CPU.Build.0 = Release|Any CPU
	EndGlobalSection
	GlobalSection(SolutionProperties) = preSolution
		HideSolutionNode = FALSE
	EndGlobalSection
	GlobalSection(ExtensibilityGlobals) = postSolution
		SolutionGuid = {6EBA2F8E-C46F-47A8-8C6E-0A783ECA0EFD}
	EndGlobalSection
EndGlobal
